# THIS IS AN AUTOGENERATED FILE. DO NOT EDIT THIS FILE DIRECTLY.
# yarn lockfile v1


"cargo-cp-artifact@^0.1":
  "integrity" "sha512-pxEV9p1on8vu3BOKstVisF9TwMyGKCBRvzaVpQHuU2sLULCKrn3MJWx/4XlNzmG6xNCTPf78DJ7WCGgr2mOzjg=="
  "resolved" "https://registry.npmjs.org/cargo-cp-artifact/-/cargo-cp-artifact-0.1.7.tgz"
  "version" "0.1.7"
